
Microsoft Visual Studio Solution File, Format Version 12.00
# Visual Studio Version 16
VisualStudioVersion = 16.0.29905.134
MinimumVisualStudioVersion = 10.0.40219.1
Project("{2150E333-8FDC-42A3-9474-1A3956D46DE8}") = "ResDLL", "ResDLL", "{E9EB0CCC-F1FE-4CA0-A8F6-04C4A0431E9A}"
EndProject
Project("{2150E333-8FDC-42A3-9474-1A3956D46DE8}") = "HydroPicsDLL", "HydroPicsDLL", "{BAA1890D-488C-41B2-B446-B5FD94686687}"
EndProject
Project("{2150E333-8FDC-42A3-9474-1A3956D46DE8}") = "LocalizedDLL", "LocalizedDLL", "{21D80068-F1AB-4390-8C75-AD02015DAF96}"
EndProject
Project("{8BC9CEB8-8B4A-11D0-8D11-00A0C91BC942}") = "TASelect", "TASelect\TASelect.vcxproj", "{48E8F00D-EB72-4457-A4C3-2A2DD665E075}"
	ProjectSection(ProjectDependencies) = postProject
		{EA9E5817-CB67-420E-B4C1-1FFF044DFD2E} = {EA9E5817-CB67-420E-B4C1-1FFF044DFD2E}
		{6CD72323-6023-4641-854E-742840E327F4} = {6CD72323-6023-4641-854E-742840E327F4}
		{181FA835-4143-D0D9-37A7-7AC0A08BFFB1} = {181FA835-4143-D0D9-37A7-7AC0A08BFFB1}
		{866A4348-3AE8-4CB4-BB8D-76DCFF088FDE} = {866A4348-3AE8-4CB4-BB8D-76DCFF088FDE}
		{0E071A60-7EF2-4427-BAA8-9143CACB5BCB} = {0E071A60-7EF2-4427-BAA8-9143CACB5BCB}
		{D341E4B3-98FB-4007-A3C2-48F6E37161DE} = {D341E4B3-98FB-4007-A3C2-48F6E37161DE}
	EndProjectSection
EndProject
Project("{8BC9CEB8-8B4A-11D0-8D11-00A0C91BC942}") = "HubSchemes", "HubSchemes\HubSchemes.vcxproj", "{6CD72323-6023-4641-854E-742840E327F4}"
EndProject
Project("{8BC9CEB8-8B4A-11D0-8D11-00A0C91BC942}") = "ZipArchive", "ZipArchive\ZipArchive.vcxproj", "{A51CF340-B0EA-4C9B-A2FA-4D7487692EF5}"
EndProject
Project("{8BC9CEB8-8B4A-11D0-8D11-00A0C91BC942}") = "HydronicPics", "HydronicPics\HydronicPics.vcxproj", "{D341E4B3-98FB-4007-A3C2-48F6E37161DE}"
EndProject
Project("{8BC9CEB8-8B4A-11D0-8D11-00A0C91BC942}") = "LPP_AT", "HydronicPics\LPP_AT\LPP_AT.vcxproj", "{1B37FA61-389C-47B5-8544-BC28A4153785}"
EndProject
Project("{2150E333-8FDC-42A3-9474-1A3956D46DE8}") = "Spread", "Spread", "{E5408F9A-272F-4DD2-8262-7FB90C352D77}"
EndProject
Project("{8BC9CEB8-8B4A-11D0-8D11-00A0C91BC942}") = "FPTOOLS", "Spread\FpLibs\FPTOOLS\DLL32\Fptools_src.vcxproj", "{72559BF1-4E58-54D0-DEBE-4687847DBD24}"
EndProject
Project("{8BC9CEB8-8B4A-11D0-8D11-00A0C91BC942}") = "XL32L80", "Spread\SS\Src\Excel\XL32L80_src.vcxproj", "{EA09C4B8-A37B-0C53-1E71-FB3D3D93D28E}"
EndProject
Project("{8BC9CEB8-8B4A-11D0-8D11-00A0C91BC942}") = "SS32D80", "Spread\SS\Src\ssw\Ss32d80_src.vcxproj", "{181FA835-4143-D0D9-37A7-7AC0A08BFFB1}"
	ProjectSection(ProjectDependencies) = postProject
		{EA09C4B8-A37B-0C53-1E71-FB3D3D93D28E} = {EA09C4B8-A37B-0C53-1E71-FB3D3D93D28E}
		{72559BF1-4E58-54D0-DEBE-4687847DBD24} = {72559BF1-4E58-54D0-DEBE-4687847DBD24}
	EndProjectSection
EndProject
Project("{2150E333-8FDC-42A3-9474-1A3956D46DE8}") = "UnitTests", "UnitTests", "{20B75D5A-0377-4D0C-9A6B-2F3D09B1DA58}"
EndProject
Project("{8BC9CEB8-8B4A-11D0-8D11-00A0C91BC942}") = "cppunit", "UnitTests\cppunit\src\cppunit\cppunit.vcxproj", "{EA9E5817-CB67-420E-B4C1-1FFF044DFD2E}"
EndProject
Project("{2150E333-8FDC-42A3-9474-1A3956D46DE8}") = "DFUSe", "DFUSe", "{576D3B1B-DDC2-444D-A735-021C9C487654}"
EndProject
Project("{8BC9CEB8-8B4A-11D0-8D11-00A0C91BC942}") = "STDFU", "DFU\DFUSe\STDFU\STDFU.vcxproj", "{866A4348-3AE8-4CB4-BB8D-76DCFF088FDE}"
	ProjectSection(ProjectDependencies) = postProject
		{D7F83E05-46DD-4BE7-B149-6ABAA7B298F4} = {D7F83E05-46DD-4BE7-B149-6ABAA7B298F4}
		{11A84D4D-E758-41FE-89EA-BE8AB78AD7A6} = {11A84D4D-E758-41FE-89EA-BE8AB78AD7A6}
		{8F514CFC-9745-43AC-9756-12D5818F895D} = {8F514CFC-9745-43AC-9756-12D5818F895D}
	EndProjectSection
EndProject
Project("{8BC9CEB8-8B4A-11D0-8D11-00A0C91BC942}") = "STDFUFiles", "DFU\DFUSe\STDFUFiles\STDFUFiles.vcxproj", "{D7F83E05-46DD-4BE7-B149-6ABAA7B298F4}"
EndProject
Project("{8BC9CEB8-8B4A-11D0-8D11-00A0C91BC942}") = "STDFUPRT", "DFU\DFUSe\STDFUPRT\STDFUPRT.vcxproj", "{11A84D4D-E758-41FE-89EA-BE8AB78AD7A6}"
EndProject
Project("{8BC9CEB8-8B4A-11D0-8D11-00A0C91BC942}") = "STTubeDevice", "DFU\DFUSe\STTubeDevice\STTubeDevice.vcxproj", "{8F514CFC-9745-43AC-9756-12D5818F895D}"
EndProject
Project("{2150E333-8FDC-42A3-9474-1A3956D46DE8}") = "NewDFUSe", "NewDFUSe", "{02F3165C-DC05-44E2-A666-49239363AE28}"
EndProject
Project("{2150E333-8FDC-42A3-9474-1A3956D46DE8}") = "DFU", "DFU", "{DDA864F1-E3F4-45BA-ABCA-B81436562D3A}"
EndProject
Project("{8BC9CEB8-8B4A-11D0-8D11-00A0C91BC942}") = "dfu-util", "DFU\NewDFUSe\dfu-util\dfu-util_2010.vcxproj", "{0E071A60-7EF2-4427-BAA8-9143CACB5BCB}"
	ProjectSection(ProjectDependencies) = postProject
		{AE83E1B4-CE06-47EE-B7A3-C3A1D7C2D71E} = {AE83E1B4-CE06-47EE-B7A3-C3A1D7C2D71E}
		{349EE8F9-7D25-4909-AAF5-FF3FADE72187} = {349EE8F9-7D25-4909-AAF5-FF3FADE72187}
	EndProjectSection
EndProject
Project("{8BC9CEB8-8B4A-11D0-8D11-00A0C91BC942}") = "getopt", "DFU\NewDFUSe\getopt\getopt_2019.vcxproj", "{AE83E1B4-CE06-47EE-B7A3-C3A1D7C2D71E}"
EndProject
Project("{8BC9CEB8-8B4A-11D0-8D11-00A0C91BC942}") = "libusb-1.0 (static)", "DFU\NewDFUSe\libusb\libusb_static_2019.vcxproj", "{349EE8F9-7D25-4909-AAF5-FF3FADE72187}"
EndProject
Global
	GlobalSection(SolutionConfigurationPlatforms) = preSolution
		Debug|Win32 = Debug|Win32
		Debug|x64 = Debug|x64
		Release|Win32 = Release|Win32
		Release|x64 = Release|x64
		Template|Win32 = Template|Win32
		Template|x64 = Template|x64
	EndGlobalSection
	GlobalSection(ProjectConfigurationPlatforms) = postSolution
		{48E8F00D-EB72-4457-A4C3-2A2DD665E075}.Debug|Win32.ActiveCfg = Debug|Win32
		{48E8F00D-EB72-4457-A4C3-2A2DD665E075}.Debug|Win32.Build.0 = Debug|Win32
		{48E8F00D-EB72-4457-A4C3-2A2DD665E075}.Debug|x64.ActiveCfg = Debug|Win32
		{48E8F00D-EB72-4457-A4C3-2A2DD665E075}.Release|Win32.ActiveCfg = Release|Win32
		{48E8F00D-EB72-4457-A4C3-2A2DD665E075}.Release|Win32.Build.0 = Release|Win32
		{48E8F00D-EB72-4457-A4C3-2A2DD665E075}.Release|x64.ActiveCfg = Release|Win32
		{48E8F00D-EB72-4457-A4C3-2A2DD665E075}.Template|Win32.ActiveCfg = Release|Win32
		{48E8F00D-EB72-4457-A4C3-2A2DD665E075}.Template|Win32.Build.0 = Release|Win32
		{48E8F00D-EB72-4457-A4C3-2A2DD665E075}.Template|x64.ActiveCfg = Release|Win32
		{6CD72323-6023-4641-854E-742840E327F4}.Debug|Win32.ActiveCfg = Debug|Win32
		{6CD72323-6023-4641-854E-742840E327F4}.Debug|Win32.Build.0 = Debug|Win32
		{6CD72323-6023-4641-854E-742840E327F4}.Debug|x64.ActiveCfg = Debug|x64
		{6CD72323-6023-4641-854E-742840E327F4}.Debug|x64.Build.0 = Debug|x64
		{6CD72323-6023-4641-854E-742840E327F4}.Release|Win32.ActiveCfg = Release|Win32
		{6CD72323-6023-4641-854E-742840E327F4}.Release|Win32.Build.0 = Release|Win32
		{6CD72323-6023-4641-854E-742840E327F4}.Release|x64.ActiveCfg = Release|x64
		{6CD72323-6023-4641-854E-742840E327F4}.Release|x64.Build.0 = Release|x64
		{6CD72323-6023-4641-854E-742840E327F4}.Template|Win32.ActiveCfg = Release|Win32
		{6CD72323-6023-4641-854E-742840E327F4}.Template|Win32.Build.0 = Release|Win32
		{6CD72323-6023-4641-854E-742840E327F4}.Template|x64.ActiveCfg = Release|x64
		{6CD72323-6023-4641-854E-742840E327F4}.Template|x64.Build.0 = Release|x64
		{A51CF340-B0EA-4C9B-A2FA-4D7487692EF5}.Debug|Win32.ActiveCfg = Debug STL Unicode|Win32
		{A51CF340-B0EA-4C9B-A2FA-4D7487692EF5}.Debug|Win32.Build.0 = Debug STL Unicode|Win32
		{A51CF340-B0EA-4C9B-A2FA-4D7487692EF5}.Debug|x64.ActiveCfg = Debug STL Unicode x64|x64
		{A51CF340-B0EA-4C9B-A2FA-4D7487692EF5}.Debug|x64.Build.0 = Debug STL Unicode x64|x64
		{A51CF340-B0EA-4C9B-A2FA-4D7487692EF5}.Release|Win32.ActiveCfg = Release STL Unicode|Win32
		{A51CF340-B0EA-4C9B-A2FA-4D7487692EF5}.Release|Win32.Build.0 = Release STL Unicode|Win32
		{A51CF340-B0EA-4C9B-A2FA-4D7487692EF5}.Release|x64.ActiveCfg = Release|x64
		{A51CF340-B0EA-4C9B-A2FA-4D7487692EF5}.Release|x64.Build.0 = Release|x64
		{A51CF340-B0EA-4C9B-A2FA-4D7487692EF5}.Template|Win32.ActiveCfg = Debug MFC Static|Win32
		{A51CF340-B0EA-4C9B-A2FA-4D7487692EF5}.Template|Win32.Build.0 = Debug MFC Static|Win32
		{A51CF340-B0EA-4C9B-A2FA-4D7487692EF5}.Template|x64.ActiveCfg = Debug MFC Static|x64
		{A51CF340-B0EA-4C9B-A2FA-4D7487692EF5}.Template|x64.Build.0 = Debug MFC Static|x64
		{D341E4B3-98FB-4007-A3C2-48F6E37161DE}.Debug|Win32.ActiveCfg = Debug|Win32
		{D341E4B3-98FB-4007-A3C2-48F6E37161DE}.Debug|Win32.Build.0 = Debug|Win32
		{D341E4B3-98FB-4007-A3C2-48F6E37161DE}.Debug|x64.ActiveCfg = Debug|x64
		{D341E4B3-98FB-4007-A3C2-48F6E37161DE}.Debug|x64.Build.0 = Debug|x64
		{D341E4B3-98FB-4007-A3C2-48F6E37161DE}.Release|Win32.ActiveCfg = Release|Win32
		{D341E4B3-98FB-4007-A3C2-48F6E37161DE}.Release|Win32.Build.0 = Release|Win32
		{D341E4B3-98FB-4007-A3C2-48F6E37161DE}.Release|x64.ActiveCfg = Release|x64
		{D341E4B3-98FB-4007-A3C2-48F6E37161DE}.Release|x64.Build.0 = Release|x64
		{D341E4B3-98FB-4007-A3C2-48F6E37161DE}.Template|Win32.ActiveCfg = Release|Win32
		{D341E4B3-98FB-4007-A3C2-48F6E37161DE}.Template|Win32.Build.0 = Release|Win32
		{D341E4B3-98FB-4007-A3C2-48F6E37161DE}.Template|x64.ActiveCfg = Release|x64
		{D341E4B3-98FB-4007-A3C2-48F6E37161DE}.Template|x64.Build.0 = Release|x64
		{1B37FA61-389C-47B5-8544-BC28A4153785}.Debug|Win32.ActiveCfg = Debug|Win32
		{1B37FA61-389C-47B5-8544-BC28A4153785}.Debug|x64.ActiveCfg = Debug|x64
		{1B37FA61-389C-47B5-8544-BC28A4153785}.Release|Win32.ActiveCfg = Release|Win32
		{1B37FA61-389C-47B5-8544-BC28A4153785}.Release|x64.ActiveCfg = Release|x64
		{1B37FA61-389C-47B5-8544-BC28A4153785}.Template|Win32.ActiveCfg = Release|Win32
		{1B37FA61-389C-47B5-8544-BC28A4153785}.Template|Win32.Build.0 = Release|Win32
		{1B37FA61-389C-47B5-8544-BC28A4153785}.Template|x64.ActiveCfg = Release|x64
		{1B37FA61-389C-47B5-8544-BC28A4153785}.Template|x64.Build.0 = Release|x64
		{72559BF1-4E58-54D0-DEBE-4687847DBD24}.Debug|Win32.ActiveCfg = Debug|Win32
		{72559BF1-4E58-54D0-DEBE-4687847DBD24}.Debug|Win32.Build.0 = Debug|Win32
		{72559BF1-4E58-54D0-DEBE-4687847DBD24}.Debug|x64.ActiveCfg = Debug|x64
		{72559BF1-4E58-54D0-DEBE-4687847DBD24}.Debug|x64.Build.0 = Debug|x64
		{72559BF1-4E58-54D0-DEBE-4687847DBD24}.Release|Win32.ActiveCfg = Release|Win32
		{72559BF1-4E58-54D0-DEBE-4687847DBD24}.Release|Win32.Build.0 = Release|Win32
		{72559BF1-4E58-54D0-DEBE-4687847DBD24}.Release|x64.ActiveCfg = Release|x64
		{72559BF1-4E58-54D0-DEBE-4687847DBD24}.Release|x64.Build.0 = Release|x64
		{72559BF1-4E58-54D0-DEBE-4687847DBD24}.Template|Win32.ActiveCfg = Release|Win32
		{72559BF1-4E58-54D0-DEBE-4687847DBD24}.Template|Win32.Build.0 = Release|Win32
		{72559BF1-4E58-54D0-DEBE-4687847DBD24}.Template|x64.ActiveCfg = Release|x64
		{72559BF1-4E58-54D0-DEBE-4687847DBD24}.Template|x64.Build.0 = Release|x64
		{EA09C4B8-A37B-0C53-1E71-FB3D3D93D28E}.Debug|Win32.ActiveCfg = Debug|Win32
		{EA09C4B8-A37B-0C53-1E71-FB3D3D93D28E}.Debug|Win32.Build.0 = Debug|Win32
		{EA09C4B8-A37B-0C53-1E71-FB3D3D93D28E}.Debug|x64.ActiveCfg = Debug|x64
		{EA09C4B8-A37B-0C53-1E71-FB3D3D93D28E}.Debug|x64.Build.0 = Debug|x64
		{EA09C4B8-A37B-0C53-1E71-FB3D3D93D28E}.Release|Win32.ActiveCfg = Release|Win32
		{EA09C4B8-A37B-0C53-1E71-FB3D3D93D28E}.Release|Win32.Build.0 = Release|Win32
		{EA09C4B8-A37B-0C53-1E71-FB3D3D93D28E}.Release|x64.ActiveCfg = Release|x64
		{EA09C4B8-A37B-0C53-1E71-FB3D3D93D28E}.Release|x64.Build.0 = Release|x64
		{EA09C4B8-A37B-0C53-1E71-FB3D3D93D28E}.Template|Win32.ActiveCfg = Release|Win32
		{EA09C4B8-A37B-0C53-1E71-FB3D3D93D28E}.Template|Win32.Build.0 = Release|Win32
		{EA09C4B8-A37B-0C53-1E71-FB3D3D93D28E}.Template|x64.ActiveCfg = Release|x64
		{EA09C4B8-A37B-0C53-1E71-FB3D3D93D28E}.Template|x64.Build.0 = Release|x64
		{181FA835-4143-D0D9-37A7-7AC0A08BFFB1}.Debug|Win32.ActiveCfg = Debug|Win32
		{181FA835-4143-D0D9-37A7-7AC0A08BFFB1}.Debug|Win32.Build.0 = Debug|Win32
		{181FA835-4143-D0D9-37A7-7AC0A08BFFB1}.Debug|x64.ActiveCfg = Debug|x64
		{181FA835-4143-D0D9-37A7-7AC0A08BFFB1}.Debug|x64.Build.0 = Debug|x64
		{181FA835-4143-D0D9-37A7-7AC0A08BFFB1}.Release|Win32.ActiveCfg = Release|Win32
		{181FA835-4143-D0D9-37A7-7AC0A08BFFB1}.Release|Win32.Build.0 = Release|Win32
		{181FA835-4143-D0D9-37A7-7AC0A08BFFB1}.Release|x64.ActiveCfg = Release|x64
		{181FA835-4143-D0D9-37A7-7AC0A08BFFB1}.Release|x64.Build.0 = Release|x64
		{181FA835-4143-D0D9-37A7-7AC0A08BFFB1}.Template|Win32.ActiveCfg = Release|Win32
		{181FA835-4143-D0D9-37A7-7AC0A08BFFB1}.Template|Win32.Build.0 = Release|Win32
		{181FA835-4143-D0D9-37A7-7AC0A08BFFB1}.Template|x64.ActiveCfg = Release|x64
		{181FA835-4143-D0D9-37A7-7AC0A08BFFB1}.Template|x64.Build.0 = Release|x64
		{EA9E5817-CB67-420E-B4C1-1FFF044DFD2E}.Debug|Win32.ActiveCfg = Debug|Win32
		{EA9E5817-CB67-420E-B4C1-1FFF044DFD2E}.Debug|Win32.Build.0 = Debug|Win32
		{EA9E5817-CB67-420E-B4C1-1FFF044DFD2E}.Debug|x64.ActiveCfg = Debug|x64
		{EA9E5817-CB67-420E-B4C1-1FFF044DFD2E}.Debug|x64.Build.0 = Debug|x64
		{EA9E5817-CB67-420E-B4C1-1FFF044DFD2E}.Release|Win32.ActiveCfg = Release|Win32
		{EA9E5817-CB67-420E-B4C1-1FFF044DFD2E}.Release|x64.ActiveCfg = Release|x64
		{EA9E5817-CB67-420E-B4C1-1FFF044DFD2E}.Release|x64.Build.0 = Release|x64
		{EA9E5817-CB67-420E-B4C1-1FFF044DFD2E}.Template|Win32.ActiveCfg = Release|Win32
		{EA9E5817-CB67-420E-B4C1-1FFF044DFD2E}.Template|Win32.Build.0 = Release|Win32
		{EA9E5817-CB67-420E-B4C1-1FFF044DFD2E}.Template|x64.ActiveCfg = Release|x64
		{EA9E5817-CB67-420E-B4C1-1FFF044DFD2E}.Template|x64.Build.0 = Release|x64
		{866A4348-3AE8-4CB4-BB8D-76DCFF088FDE}.Debug|Win32.ActiveCfg = Debug|Win32
		{866A4348-3AE8-4CB4-BB8D-76DCFF088FDE}.Debug|Win32.Build.0 = Debug|Win32
		{866A4348-3AE8-4CB4-BB8D-76DCFF088FDE}.Debug|x64.ActiveCfg = Debug|x64
		{866A4348-3AE8-4CB4-BB8D-76DCFF088FDE}.Debug|x64.Build.0 = Debug|x64
		{866A4348-3AE8-4CB4-BB8D-76DCFF088FDE}.Release|Win32.ActiveCfg = Release|Win32
		{866A4348-3AE8-4CB4-BB8D-76DCFF088FDE}.Release|Win32.Build.0 = Release|Win32
		{866A4348-3AE8-4CB4-BB8D-76DCFF088FDE}.Release|x64.ActiveCfg = Release|x64
		{866A4348-3AE8-4CB4-BB8D-76DCFF088FDE}.Release|x64.Build.0 = Release|x64
		{866A4348-3AE8-4CB4-BB8D-76DCFF088FDE}.Template|Win32.ActiveCfg = Release|Win32
		{866A4348-3AE8-4CB4-BB8D-76DCFF088FDE}.Template|Win32.Build.0 = Release|Win32
		{866A4348-3AE8-4CB4-BB8D-76DCFF088FDE}.Template|x64.ActiveCfg = Release|x64
		{866A4348-3AE8-4CB4-BB8D-76DCFF088FDE}.Template|x64.Build.0 = Release|x64
		{D7F83E05-46DD-4BE7-B149-6ABAA7B298F4}.Debug|Win32.ActiveCfg = Debug|Win32
		{D7F83E05-46DD-4BE7-B149-6ABAA7B298F4}.Debug|Win32.Build.0 = Debug|Win32
		{D7F83E05-46DD-4BE7-B149-6ABAA7B298F4}.Debug|x64.ActiveCfg = Debug|x64
		{D7F83E05-46DD-4BE7-B149-6ABAA7B298F4}.Debug|x64.Build.0 = Debug|x64
		{D7F83E05-46DD-4BE7-B149-6ABAA7B298F4}.Release|Win32.ActiveCfg = Release|Win32
		{D7F83E05-46DD-4BE7-B149-6ABAA7B298F4}.Release|Win32.Build.0 = Release|Win32
		{D7F83E05-46DD-4BE7-B149-6ABAA7B298F4}.Release|x64.ActiveCfg = Release|x64
		{D7F83E05-46DD-4BE7-B149-6ABAA7B298F4}.Release|x64.Build.0 = Release|x64
		{D7F83E05-46DD-4BE7-B149-6ABAA7B298F4}.Template|Win32.ActiveCfg = Template|Win32
		{D7F83E05-46DD-4BE7-B149-6ABAA7B298F4}.Template|Win32.Build.0 = Template|Win32
		{D7F83E05-46DD-4BE7-B149-6ABAA7B298F4}.Template|x64.ActiveCfg = Template|x64
		{D7F83E05-46DD-4BE7-B149-6ABAA7B298F4}.Template|x64.Build.0 = Template|x64
		{11A84D4D-E758-41FE-89EA-BE8AB78AD7A6}.Debug|Win32.ActiveCfg = Debug|Win32
		{11A84D4D-E758-41FE-89EA-BE8AB78AD7A6}.Debug|Win32.Build.0 = Debug|Win32
		{11A84D4D-E758-41FE-89EA-BE8AB78AD7A6}.Debug|x64.ActiveCfg = Debug|x64
		{11A84D4D-E758-41FE-89EA-BE8AB78AD7A6}.Debug|x64.Build.0 = Debug|x64
		{11A84D4D-E758-41FE-89EA-BE8AB78AD7A6}.Release|Win32.ActiveCfg = Release|Win32
		{11A84D4D-E758-41FE-89EA-BE8AB78AD7A6}.Release|Win32.Build.0 = Release|Win32
		{11A84D4D-E758-41FE-89EA-BE8AB78AD7A6}.Release|x64.ActiveCfg = Release|x64
		{11A84D4D-E758-41FE-89EA-BE8AB78AD7A6}.Release|x64.Build.0 = Release|x64
		{11A84D4D-E758-41FE-89EA-BE8AB78AD7A6}.Template|Win32.ActiveCfg = Template|Win32
		{11A84D4D-E758-41FE-89EA-BE8AB78AD7A6}.Template|Win32.Build.0 = Template|Win32
		{11A84D4D-E758-41FE-89EA-BE8AB78AD7A6}.Template|x64.ActiveCfg = Template|x64
		{11A84D4D-E758-41FE-89EA-BE8AB78AD7A6}.Template|x64.Build.0 = Template|x64
		{8F514CFC-9745-43AC-9756-12D5818F895D}.Debug|Win32.ActiveCfg = Debug|Win32
		{8F514CFC-9745-43AC-9756-12D5818F895D}.Debug|Win32.Build.0 = Debug|Win32
		{8F514CFC-9745-43AC-9756-12D5818F895D}.Debug|x64.ActiveCfg = Debug|x64
		{8F514CFC-9745-43AC-9756-12D5818F895D}.Debug|x64.Build.0 = Debug|x64
		{8F514CFC-9745-43AC-9756-12D5818F895D}.Release|Win32.ActiveCfg = Release|Win32
		{8F514CFC-9745-43AC-9756-12D5818F895D}.Release|Win32.Build.0 = Release|Win32
		{8F514CFC-9745-43AC-9756-12D5818F895D}.Release|x64.ActiveCfg = Release|x64
		{8F514CFC-9745-43AC-9756-12D5818F895D}.Release|x64.Build.0 = Release|x64
		{8F514CFC-9745-43AC-9756-12D5818F895D}.Template|Win32.ActiveCfg = Template|Win32
		{8F514CFC-9745-43AC-9756-12D5818F895D}.Template|Win32.Build.0 = Template|Win32
		{8F514CFC-9745-43AC-9756-12D5818F895D}.Template|x64.ActiveCfg = Template|x64
		{8F514CFC-9745-43AC-9756-12D5818F895D}.Template|x64.Build.0 = Template|x64
		{0E071A60-7EF2-4427-BAA8-9143CACB5BCB}.Debug|Win32.ActiveCfg = Debug|Win32
		{0E071A60-7EF2-4427-BAA8-9143CACB5BCB}.Debug|Win32.Build.0 = Debug|Win32
		{0E071A60-7EF2-4427-BAA8-9143CACB5BCB}.Debug|x64.ActiveCfg = Debug|Win32
		{0E071A60-7EF2-4427-BAA8-9143CACB5BCB}.Release|Win32.ActiveCfg = Release|Win32
		{0E071A60-7EF2-4427-BAA8-9143CACB5BCB}.Release|Win32.Build.0 = Release|Win32
		{0E071A60-7EF2-4427-BAA8-9143CACB5BCB}.Release|x64.ActiveCfg = Release|Win32
		{0E071A60-7EF2-4427-BAA8-9143CACB5BCB}.Template|Win32.ActiveCfg = Debug|Win32
		{0E071A60-7EF2-4427-BAA8-9143CACB5BCB}.Template|Win32.Build.0 = Debug|Win32
		{0E071A60-7EF2-4427-BAA8-9143CACB5BCB}.Template|x64.ActiveCfg = Debug|Win32
		{0E071A60-7EF2-4427-BAA8-9143CACB5BCB}.Template|x64.Build.0 = Debug|Win32
		{AE83E1B4-CE06-47EE-B7A3-C3A1D7C2D71E}.Debug|Win32.ActiveCfg = Debug|Win32
		{AE83E1B4-CE06-47EE-B7A3-C3A1D7C2D71E}.Debug|Win32.Build.0 = Debug|Win32
		{AE83E1B4-CE06-47EE-B7A3-C3A1D7C2D71E}.Debug|x64.ActiveCfg = Debug|Win32
		{AE83E1B4-CE06-47EE-B7A3-C3A1D7C2D71E}.Release|Win32.ActiveCfg = Release|Win32
		{AE83E1B4-CE06-47EE-B7A3-C3A1D7C2D71E}.Release|Win32.Build.0 = Release|Win32
		{AE83E1B4-CE06-47EE-B7A3-C3A1D7C2D71E}.Release|x64.ActiveCfg = Release|Win32
		{AE83E1B4-CE06-47EE-B7A3-C3A1D7C2D71E}.Template|Win32.ActiveCfg = Debug|Win32
		{AE83E1B4-CE06-47EE-B7A3-C3A1D7C2D71E}.Template|Win32.Build.0 = Debug|Win32
		{AE83E1B4-CE06-47EE-B7A3-C3A1D7C2D71E}.Template|x64.ActiveCfg = Debug|Win32
		{AE83E1B4-CE06-47EE-B7A3-C3A1D7C2D71E}.Template|x64.Build.0 = Debug|Win32
		{349EE8F9-7D25-4909-AAF5-FF3FADE72187}.Debug|Win32.ActiveCfg = Debug|Win32
		{349EE8F9-7D25-4909-AAF5-FF3FADE72187}.Debug|Win32.Build.0 = Debug|Win32
		{349EE8F9-7D25-4909-AAF5-FF3FADE72187}.Debug|x64.ActiveCfg = Debug|Win32
		{349EE8F9-7D25-4909-AAF5-FF3FADE72187}.Release|Win32.ActiveCfg = Release|Win32
		{349EE8F9-7D25-4909-AAF5-FF3FADE72187}.Release|Win32.Build.0 = Release|Win32
		{349EE8F9-7D25-4909-AAF5-FF3FADE72187}.Release|x64.ActiveCfg = Release|Win32
		{349EE8F9-7D25-4909-AAF5-FF3FADE72187}.Template|Win32.ActiveCfg = Debug|Win32
		{349EE8F9-7D25-4909-AAF5-FF3FADE72187}.Template|Win32.Build.0 = Debug|Win32
		{349EE8F9-7D25-4909-AAF5-FF3FADE72187}.Template|x64.ActiveCfg = Debug|Win32
		{349EE8F9-7D25-4909-AAF5-FF3FADE72187}.Template|x64.Build.0 = Debug|Win32
	EndGlobalSection
	GlobalSection(SolutionProperties) = preSolution
		HideSolutionNode = FALSE
	EndGlobalSection
	GlobalSection(NestedProjects) = preSolution
		{21D80068-F1AB-4390-8C75-AD02015DAF96} = {BAA1890D-488C-41B2-B446-B5FD94686687}
		{6CD72323-6023-4641-854E-742840E327F4} = {E9EB0CCC-F1FE-4CA0-A8F6-04C4A0431E9A}
		{D341E4B3-98FB-4007-A3C2-48F6E37161DE} = {BAA1890D-488C-41B2-B446-B5FD94686687}
		{1B37FA61-389C-47B5-8544-BC28A4153785} = {21D80068-F1AB-4390-8C75-AD02015DAF96}
		{72559BF1-4E58-54D0-DEBE-4687847DBD24} = {E5408F9A-272F-4DD2-8262-7FB90C352D77}
		{EA09C4B8-A37B-0C53-1E71-FB3D3D93D28E} = {E5408F9A-272F-4DD2-8262-7FB90C352D77}
		{181FA835-4143-D0D9-37A7-7AC0A08BFFB1} = {E5408F9A-272F-4DD2-8262-7FB90C352D77}
		{EA9E5817-CB67-420E-B4C1-1FFF044DFD2E} = {20B75D5A-0377-4D0C-9A6B-2F3D09B1DA58}
		{576D3B1B-DDC2-444D-A735-021C9C487654} = {DDA864F1-E3F4-45BA-ABCA-B81436562D3A}
		{866A4348-3AE8-4CB4-BB8D-76DCFF088FDE} = {576D3B1B-DDC2-444D-A735-021C9C487654}
		{D7F83E05-46DD-4BE7-B149-6ABAA7B298F4} = {576D3B1B-DDC2-444D-A735-021C9C487654}
		{11A84D4D-E758-41FE-89EA-BE8AB78AD7A6} = {576D3B1B-DDC2-444D-A735-021C9C487654}
		{8F514CFC-9745-43AC-9756-12D5818F895D} = {576D3B1B-DDC2-444D-A735-021C9C487654}
		{02F3165C-DC05-44E2-A666-49239363AE28} = {DDA864F1-E3F4-45BA-ABCA-B81436562D3A}
		{0E071A60-7EF2-4427-BAA8-9143CACB5BCB} = {02F3165C-DC05-44E2-A666-49239363AE28}
		{AE83E1B4-CE06-47EE-B7A3-C3A1D7C2D71E} = {02F3165C-DC05-44E2-A666-49239363AE28}
		{349EE8F9-7D25-4909-AAF5-FF3FADE72187} = {02F3165C-DC05-44E2-A666-49239363AE28}
	EndGlobalSection
	GlobalSection(ExtensibilityGlobals) = postSolution
		SolutionGuid = {9F7DFE40-DA64-4E52-B5DE-8ED6C95BAC41}
	EndGlobalSection
	GlobalSection(DPCodeReviewSolutionGUID) = preSolution
		DPCodeReviewSolutionGUID = {00000000-0000-0000-0000-000000000000}
	EndGlobalSection
EndGlobal
