<?xml version="1.0" encoding="utf-8"?>
<Project ToolsVersion="4.0" xmlns="http://schemas.microsoft.com/developer/msbuild/2003">
  <ItemGroup>
    <Filter Include="Source Files">
      <UniqueIdentifier>{c1e781a4-6699-46a9-a85d-d0bc8242165b}</UniqueIdentifier>
      <Extensions>cpp;c;cxx;rc;def;r;odl;idl;hpj;bat</Extensions>
    </Filter>
    <Filter Include="Header Files">
      <UniqueIdentifier>{1af14d89-6472-40a6-9ae3-0cf58ddb0780}</UniqueIdentifier>
      <Extensions>h;hpp;hxx;hm;inl</Extensions>
    </Filter>
    <Filter Include="Resource Files">
      <UniqueIdentifier>{e5cf169a-5ecc-43f0-abfc-e7e17e149dc3}</UniqueIdentifier>
      <Extensions>ico;cur;bmp;dlg;rc2;rct;bin;rgs;gif;jpg;jpeg;jpe</Extensions>
    </Filter>
  </ItemGroup>
  <ItemGroup>
    <ClCompile Include="DetachThread.CPP">
      <Filter>Source Files</Filter>
    </ClCompile>
    <ClCompile Include="dfuhread.cpp">
      <Filter>Source Files</Filter>
    </ClCompile>
    <ClCompile Include="downloadthread.cpp">
      <Filter>Source Files</Filter>
    </ClCompile>
    <ClCompile Include="image.cpp">
      <Filter>Source Files</Filter>
    </ClCompile>
    <ClCompile Include="StdAfx.cpp">
      <Filter>Source Files</Filter>
    </ClCompile>
    <ClCompile Include="STDFUPRT.cpp">
      <Filter>Source Files</Filter>
    </ClCompile>
    <ClCompile Include="stthread.cpp">
      <Filter>Source Files</Filter>
    </ClCompile>
    <ClCompile Include="uploadthread.cpp">
      <Filter>Source Files</Filter>
    </ClCompile>
  </ItemGroup>
  <ItemGroup>
    <ResourceCompile Include="STDFUPRT.rc">
      <Filter>Source Files</Filter>
    </ResourceCompile>
  </ItemGroup>
  <ItemGroup>
    <ClInclude Include="DetachThread.h">
      <Filter>Header Files</Filter>
    </ClInclude>
    <ClInclude Include="dfuthread.h">
      <Filter>Header Files</Filter>
    </ClInclude>
    <ClInclude Include="downloadthread.h">
      <Filter>Header Files</Filter>
    </ClInclude>
    <ClInclude Include="Resource.h">
      <Filter>Header Files</Filter>
    </ClInclude>
    <ClInclude Include="StdAfx.h">
      <Filter>Header Files</Filter>
    </ClInclude>
    <ClInclude Include="STDFUPRT.h">
      <Filter>Header Files</Filter>
    </ClInclude>
    <ClInclude Include="STDFUPRTINC.h">
      <Filter>Header Files</Filter>
    </ClInclude>
    <ClInclude Include="stthread.h">
      <Filter>Header Files</Filter>
    </ClInclude>
    <ClInclude Include="uploadthread.h">
      <Filter>Header Files</Filter>
    </ClInclude>
    <ClInclude Include="Image.h">
      <Filter>Header Files</Filter>
    </ClInclude>
  </ItemGroup>
  <ItemGroup>
    <CustomBuild Include="res\STDFUPRT.rc2">
      <Filter>Resource Files</Filter>
    </CustomBuild>
  </ItemGroup>
</Project>